{
  "requires": true,
  "lockfileVersion": 1,
  "dependencies": {
    "@fortawesome/fontawesome-free": {
      "version": "5.15.3",
      "resolved": "https://registry.npmjs.org/@fortawesome/fontawesome-free/-/fontawesome-free-5.15.3.tgz",
      "integrity": "sha512-rFnSUN/QOtnOAgqFRooTA3H57JLDm0QEG/jPdk+tLQNL/eWd+Aok8g3qCI+Q1xuDPWpGW/i9JySpJVsq8Q0s9w=="
    },
    "datatables.net": {
      "version": "1.10.25",
      "resolved": "https://registry.npmjs.org/datatables.net/-/datatables.net-1.10.25.tgz",
      "integrity": "sha512-y0+C7all+MC/h1acwnjErhaJPjYGKpWTvbXrfEUbR8+P+nnhgjNn5nL1udgsTwBObMhlj1KITNBRrM/ZLSoj+Q==",
      "requires": {
        "jquery": ">=1.7"
      }
    },
    "datatables.net-bs4": {
      "version": "3.2.2",
      "resolved": "https://registry.npmjs.org/datatables.net-bs4/-/datatables.net-bs4-3.2.2.tgz",
      "integrity": "sha1-R4YNjMskckMJ/jAN5y6v1yAbusY=",
      "requires": {
        "datatables.net": ">=1.10.13",
        "jquery": ">=1.7"
      }
    },
    "jquery": {
      "version": "3.6.0",
      "resolved": "https://registry.npmjs.org/jquery/-/jquery-3.6.0.tgz",
      "integrity": "sha512-JVzAR/AjBvVt2BmYhxRCSYysDsPcssdmTFnzyLEts9qNwmjmu4JTAMYubEfwVOSwpQ1I1sKKFcxhZCI2buerfw=="
    },
    "sweetalert2": {
      "version": "11.0.18",
      "resolved": "https://registry.npmjs.org/sweetalert2/-/sweetalert2-11.0.18.tgz",
      "integrity": "sha512-sF6huRQqqRGz7p9F8XFKSICl5hOiXjjpmnwAO8vlyJKAyMNZb2fvdok11JIGQjqcqVMIag/VLNWF4eEsIKQKGw=="
    }
  }
}
